
Microsoft Visual Studio Solution File, Format Version 12.00
# Visual Studio Version 17
VisualStudioVersion = 17.4.33213.308
MinimumVisualStudioVersion = 10.0.40219.1
Project("{FAE04EC0-301F-11D3-BF4B-00C04F79EFBC}") = "TheDebtBook", "TheDebtBook\TheDebtBook.csproj", "{43E42D08-CEB0-4EA3-8741-22C16C3B5917}"
EndProject
Global
	GlobalSection(SolutionConfigurationPlatforms) = preSolution
		Debug|Any CPU = Debug|Any CPU
		Release|Any CPU = Release|Any CPU
	EndGlobalSection
	GlobalSection(ProjectConfigurationPlatforms) = postSolution
		{43E42D08-CEB0-4EA3-8741-22C16C3B5917}.Debug|Any CPU.ActiveCfg = Debug|Any CPU
		{43E42D08-CEB0-4EA3-8741-22C16C3B5917}.Debug|Any CPU.Build.0 = Debug|Any CPU
		{43E42D08-CEB0-4EA3-8741-22C16C3B5917}.Release|Any CPU.ActiveCfg = Release|Any CPU
		{43E42D08-CEB0-4EA3-8741-22C16C3B5917}.Release|Any CPU.Build.0 = Release|Any CPU
	EndGlobalSection
	GlobalSection(SolutionProperties) = preSolution
		HideSolutionNode = FALSE
	EndGlobalSection
	GlobalSection(ExtensibilityGlobals) = postSolution
		SolutionGuid = {69AA1129-6F19-4CD1-AE76-49C6EBEDE5F8}
	EndGlobalSection
EndGlobal
